
Microsoft Visual Studio Solution File, Format Version 12.00
# Visual Studio Version 17
VisualStudioVersion = 17.12.35707.178
MinimumVisualStudioVersion = 10.0.40219.1
Project("{2150E333-8FDC-42A3-9474-1A3956D46DE8}") = "Core", "Core", "{A2E6F18E-3FE9-4FDC-B7F6-8C50F67754EE}"
EndProject
Project("{2150E333-8FDC-42A3-9474-1A3956D46DE8}") = "Infrastructure", "Infrastructure", "{4BC2488B-8BBB-430A-A518-43781035E8DE}"
EndProject
Project("{2150E333-8FDC-42A3-9474-1A3956D46DE8}") = "Presentation", "Presentation", "{8018E409-3AE3-4384-A018-E234C0559F60}"
EndProject
Project("{2150E333-8FDC-42A3-9474-1A3956D46DE8}") = "Tests", "Tests", "{A2DDF0BA-EA67-4C47-8B17-1179B4FE1199}"
EndProject
Project("{FAE04EC0-301F-11D3-BF4B-00C04F79EFBC}") = "Notes.Domain", "Notes.Domain\Notes.Domain.csproj", "{3D0BF53E-5212-4209-BB2D-58F5475578A6}"
EndProject
Project("{FAE04EC0-301F-11D3-BF4B-00C04F79EFBC}") = "Notes.Application", "Notes.Application\Notes.Application.csproj", "{108FB163-4702-4667-97CE-BAB00646CD86}"
EndProject
Project("{FAE04EC0-301F-11D3-BF4B-00C04F79EFBC}") = "Notes.Persistence", "Notes.Persistence\Notes.Persistence.csproj", "{4A8C7C48-79E7-400E-9735-D8F701441328}"
EndProject
Project("{FAE04EC0-301F-11D3-BF4B-00C04F79EFBC}") = "Notes.WebApi", "Notes.WebApi\Notes.WebApi.csproj", "{455C6F1C-BE96-4975-B010-B521BDC1DA39}"
EndProject
Global
	GlobalSection(SolutionConfigurationPlatforms) = preSolution
		Debug|Any CPU = Debug|Any CPU
		Release|Any CPU = Release|Any CPU
	EndGlobalSection
	GlobalSection(ProjectConfigurationPlatforms) = postSolution
		{3D0BF53E-5212-4209-BB2D-58F5475578A6}.Debug|Any CPU.ActiveCfg = Debug|Any CPU
		{3D0BF53E-5212-4209-BB2D-58F5475578A6}.Debug|Any CPU.Build.0 = Debug|Any CPU
		{3D0BF53E-5212-4209-BB2D-58F5475578A6}.Release|Any CPU.ActiveCfg = Release|Any CPU
		{3D0BF53E-5212-4209-BB2D-58F5475578A6}.Release|Any CPU.Build.0 = Release|Any CPU
		{108FB163-4702-4667-97CE-BAB00646CD86}.Debug|Any CPU.ActiveCfg = Debug|Any CPU
		{108FB163-4702-4667-97CE-BAB00646CD86}.Debug|Any CPU.Build.0 = Debug|Any CPU
		{108FB163-4702-4667-97CE-BAB00646CD86}.Release|Any CPU.ActiveCfg = Release|Any CPU
		{108FB163-4702-4667-97CE-BAB00646CD86}.Release|Any CPU.Build.0 = Release|Any CPU
		{4A8C7C48-79E7-400E-9735-D8F701441328}.Debug|Any CPU.ActiveCfg = Debug|Any CPU
		{4A8C7C48-79E7-400E-9735-D8F701441328}.Debug|Any CPU.Build.0 = Debug|Any CPU
		{4A8C7C48-79E7-400E-9735-D8F701441328}.Release|Any CPU.ActiveCfg = Release|Any CPU
		{4A8C7C48-79E7-400E-9735-D8F701441328}.Release|Any CPU.Build.0 = Release|Any CPU
		{455C6F1C-BE96-4975-B010-B521BDC1DA39}.Debug|Any CPU.ActiveCfg = Debug|Any CPU
		{455C6F1C-BE96-4975-B010-B521BDC1DA39}.Debug|Any CPU.Build.0 = Debug|Any CPU
		{455C6F1C-BE96-4975-B010-B521BDC1DA39}.Release|Any CPU.ActiveCfg = Release|Any CPU
		{455C6F1C-BE96-4975-B010-B521BDC1DA39}.Release|Any CPU.Build.0 = Release|Any CPU
	EndGlobalSection
	GlobalSection(SolutionProperties) = preSolution
		HideSolutionNode = FALSE
	EndGlobalSection
	GlobalSection(NestedProjects) = preSolution
		{3D0BF53E-5212-4209-BB2D-58F5475578A6} = {A2E6F18E-3FE9-4FDC-B7F6-8C50F67754EE}
		{108FB163-4702-4667-97CE-BAB00646CD86} = {A2E6F18E-3FE9-4FDC-B7F6-8C50F67754EE}
		{4A8C7C48-79E7-400E-9735-D8F701441328} = {4BC2488B-8BBB-430A-A518-43781035E8DE}
		{455C6F1C-BE96-4975-B010-B521BDC1DA39} = {8018E409-3AE3-4384-A018-E234C0559F60}
	EndGlobalSection
EndGlobal
